
Microsoft Visual Studio Solution File, Format Version 12.00
# Visual Studio Version 17
VisualStudioVersion = 17.5.33530.505
MinimumVisualStudioVersion = 10.0.40219.1
Project("{FAE04EC0-301F-11D3-BF4B-00C04F79EFBC}") = "FibonacciNumber", "FibonacciNumber\FibonacciNumber.csproj", "{704B655A-F804-4C45-8D35-1D233BB5553E}"
EndProject
Global
	GlobalSection(SolutionConfigurationPlatforms) = preSolution
		Debug|Any CPU = Debug|Any CPU
		Release|Any CPU = Release|Any CPU
	EndGlobalSection
	GlobalSection(ProjectConfigurationPlatforms) = postSolution
		{704B655A-F804-4C45-8D35-1D233BB5553E}.Debug|Any CPU.ActiveCfg = Debug|Any CPU
		{704B655A-F804-4C45-8D35-1D233BB5553E}.Debug|Any CPU.Build.0 = Debug|Any CPU
		{704B655A-F804-4C45-8D35-1D233BB5553E}.Release|Any CPU.ActiveCfg = Release|Any CPU
		{704B655A-F804-4C45-8D35-1D233BB5553E}.Release|Any CPU.Build.0 = Release|Any CPU
	EndGlobalSection
	GlobalSection(SolutionProperties) = preSolution
		HideSolutionNode = FALSE
	EndGlobalSection
	GlobalSection(ExtensibilityGlobals) = postSolution
		SolutionGuid = {63CBC14E-BDBE-457C-93F7-FB3172661B29}
	EndGlobalSection
EndGlobal
